Microsoft Visual Studio Solution File, Format Version 12.00
# Visual Studio Version 17.0
#
# xmake version 2.9.5+HEAD.d30de52e9
#
#   This file is auto generated by xmake.
#
#   Please DO NOT EDIT since all your modification will lost after re-generation.
#   See https://github.com/xmake-io/xmake/pull/472 for more infomation.
#
VisualStudioVersion = 17.0
MinimumVisualStudioVersion = 10.0.40219.1
Project("{8BC9CEB8-8B4A-11D0-8D11-00A0C91BC942}") = "Sandbox", "Sandbox\Sandbox.vcxproj", "{42A5C15C-42A1-4380-AAB0-BD5F64AF60B7}"
EndProject
Project("{8BC9CEB8-8B4A-11D0-8D11-00A0C91BC942}") = "Aeat", "Aeat\Aeat.vcxproj", "{B4389DCB-B4CE-43A2-8C02-B8E9065ADA48}"
EndProject
Project("{8BC9CEB8-8B4A-11D0-8D11-00A0C91BC942}") = "GLFW", "GLFW\GLFW.vcxproj", "{3EC7D893-B6E4-4659-B609-710C30E2D0DD}"
EndProject
Project("{8BC9CEB8-8B4A-11D0-8D11-00A0C91BC942}") = "Glad", "Glad\Glad.vcxproj", "{6D017E36-3E64-4E4D-A2B5-4C1389F5FDF5}"
EndProject
Project("{8BC9CEB8-8B4A-11D0-8D11-00A0C91BC942}") = "ImGui", "ImGui\ImGui.vcxproj", "{64DE3FF9-3CDC-475D-87DB-43927CA8A631}"
EndProject


Project("{2150E333-8FDC-42A3-9474-1A3956D46DE8}") = "Properties", "Properties", "{007754BD-BB1F-452F-A0D8-13EF216C5ED9}"
	ProjectSection(SolutionItems) = preProject
		Xmake.Custom.props = Xmake.Custom.props
		Xmake.Custom.targets = Xmake.Custom.targets
		..\xmake.lua = ..\xmake.lua
	EndProjectSection
EndProject
Global
	GlobalSection(SolutionConfigurationPlatforms) = preSolution
		debug|x64 = debug|x64
		release|x64 = release|x64
	EndGlobalSection
	GlobalSection(ProjectConfigurationPlatforms) = postSolution
		{42A5C15C-42A1-4380-AAB0-BD5F64AF60B7}.debug|x64.ActiveCfg = debug|x64
		{42A5C15C-42A1-4380-AAB0-BD5F64AF60B7}.debug|x64.Build.0 = debug|x64
		{B4389DCB-B4CE-43A2-8C02-B8E9065ADA48}.debug|x64.ActiveCfg = debug|x64
		{B4389DCB-B4CE-43A2-8C02-B8E9065ADA48}.debug|x64.Build.0 = debug|x64
		{3EC7D893-B6E4-4659-B609-710C30E2D0DD}.debug|x64.ActiveCfg = debug|x64
		{3EC7D893-B6E4-4659-B609-710C30E2D0DD}.debug|x64.Build.0 = debug|x64
		{6D017E36-3E64-4E4D-A2B5-4C1389F5FDF5}.debug|x64.ActiveCfg = debug|x64
		{6D017E36-3E64-4E4D-A2B5-4C1389F5FDF5}.debug|x64.Build.0 = debug|x64
		{64DE3FF9-3CDC-475D-87DB-43927CA8A631}.debug|x64.ActiveCfg = debug|x64
		{64DE3FF9-3CDC-475D-87DB-43927CA8A631}.debug|x64.Build.0 = debug|x64
		{42A5C15C-42A1-4380-AAB0-BD5F64AF60B7}.release|x64.ActiveCfg = release|x64
		{42A5C15C-42A1-4380-AAB0-BD5F64AF60B7}.release|x64.Build.0 = release|x64
		{B4389DCB-B4CE-43A2-8C02-B8E9065ADA48}.release|x64.ActiveCfg = release|x64
		{B4389DCB-B4CE-43A2-8C02-B8E9065ADA48}.release|x64.Build.0 = release|x64
		{3EC7D893-B6E4-4659-B609-710C30E2D0DD}.release|x64.ActiveCfg = release|x64
		{3EC7D893-B6E4-4659-B609-710C30E2D0DD}.release|x64.Build.0 = release|x64
		{6D017E36-3E64-4E4D-A2B5-4C1389F5FDF5}.release|x64.ActiveCfg = release|x64
		{6D017E36-3E64-4E4D-A2B5-4C1389F5FDF5}.release|x64.Build.0 = release|x64
		{64DE3FF9-3CDC-475D-87DB-43927CA8A631}.release|x64.ActiveCfg = release|x64
		{64DE3FF9-3CDC-475D-87DB-43927CA8A631}.release|x64.Build.0 = release|x64
	EndGlobalSection
	GlobalSection(SolutionProperties) = preSolution
		HideSolutionNode = FALSE
	EndGlobalSection
	GlobalSection(NestedProjects) = preSolution
	EndGlobalSection
	GlobalSection(ExtensibilityGlobals) = postSolution
		SolutionGuid = {4E5930DA-371B-4E55-B120-EFED6BA4B21C}
	EndGlobalSection
EndGlobal
