<?xml version="1.0" encoding="utf-8"?>
<!--
xmake version 2.9.5+HEAD.d30de52e9

  This file is auto generated by xmake.

  Please DO NOT EDIT since all your modification will lost after re-generation.
  See https://github.com/xmake-io/xmake/pull/472 for more infomation.
-->
<Project ToolsVersion="4.0" xmlns="http://schemas.microsoft.com/developer/msbuild/2003">
  <ItemGroup>
    <Filter Include="Properties">
      <UniqueIdentifier>{CC7C6180-942D-056E-3227-E6A2B3FB19CD}</UniqueIdentifier>
    </Filter>
    <Filter Include="Aeat">
      <UniqueIdentifier>{B4389DCB-B4CE-43A2-8C02-B8E9065ADA48}</UniqueIdentifier>
    </Filter>
    <Filter Include="Aeat\src">
      <UniqueIdentifier>{BC520BD2-05C6-4C93-9E4F-E4376B04FC01}</UniqueIdentifier>
    </Filter>
    <Filter Include="Aeat\src\Aeat">
      <UniqueIdentifier>{5B6E94CA-5B60-4B6D-A0CA-3346E9DDB3F9}</UniqueIdentifier>
    </Filter>
    <Filter Include="Aeat\src\Aeat\Events">
      <UniqueIdentifier>{980114DA-B18D-4AA6-983B-DD92E79BB522}</UniqueIdentifier>
    </Filter>
    <Filter Include="Aeat\src\Aeat\ImGui">
      <UniqueIdentifier>{DB4A4887-78D0-44F1-8F60-3B1E0C70D020}</UniqueIdentifier>
    </Filter>
    <Filter Include="Aeat\src\Platform">
      <UniqueIdentifier>{834A9012-CC0F-4169-ABF2-39301D2E69F9}</UniqueIdentifier>
    </Filter>
    <Filter Include="Aeat\src\Platform\OpenGL">
      <UniqueIdentifier>{F28DE53C-3886-4C74-A755-27EF1A5A559B}</UniqueIdentifier>
    </Filter>
    <Filter Include="Aeat\src\Platform\Windows">
      <UniqueIdentifier>{CB3EEFAF-95F2-4678-B728-12402C92898D}</UniqueIdentifier>
    </Filter>

  </ItemGroup>
  <ItemGroup>
    <None Include="$(MSBuildProjectDirectory)\Xmake.Custom.props">
      <Filter>Properties</Filter>
    </None>
    <None Include="$(MSBuildProjectDirectory)\Xmake.Custom.targets">
      <Filter>Properties</Filter>
    </None>
    <None Include="$(MSBuildProjectDirectory)\Xmake.Custom.items">
      <Filter>Properties</Filter>
    </None>
    <None Include="$(MSBuildProjectDirectory)\Xmake.Custom.items.filters">
      <Filter>Properties</Filter>
    </None>
    <None Include="$(XmakeScriptDir)\xmake.lua">
      <Filter>Properties</Filter>
    </None>
  </ItemGroup>
  <ItemGroup>
    <ClInclude Include="$(XmakeProjectDir)\Aeat\src\Aeat.h">
      <Filter>Aeat\src</Filter>
    </ClInclude>
    <ClInclude Include="$(XmakeProjectDir)\Aeat\src\Aeat\Application.h">
      <Filter>Aeat\src\Aeat</Filter>
    </ClInclude>
    <ClInclude Include="$(XmakeProjectDir)\Aeat\src\Aeat\Core.h">
      <Filter>Aeat\src\Aeat</Filter>
    </ClInclude>
    <ClInclude Include="$(XmakeProjectDir)\Aeat\src\Aeat\EntryPoint.h">
      <Filter>Aeat\src\Aeat</Filter>
    </ClInclude>
    <ClInclude Include="$(XmakeProjectDir)\Aeat\src\Aeat\Events\ApplicationEvent.h">
      <Filter>Aeat\src\Aeat\Events</Filter>
    </ClInclude>
    <ClInclude Include="$(XmakeProjectDir)\Aeat\src\Aeat\Events\Event.h">
      <Filter>Aeat\src\Aeat\Events</Filter>
    </ClInclude>
    <ClInclude Include="$(XmakeProjectDir)\Aeat\src\Aeat\Events\KeyEvent.h">
      <Filter>Aeat\src\Aeat\Events</Filter>
    </ClInclude>
    <ClInclude Include="$(XmakeProjectDir)\Aeat\src\Aeat\Events\MouseEvent.h">
      <Filter>Aeat\src\Aeat\Events</Filter>
    </ClInclude>
    <ClInclude Include="$(XmakeProjectDir)\Aeat\src\Aeat\ImGui\ImGuiLayer.h">
      <Filter>Aeat\src\Aeat\ImGui</Filter>
    </ClInclude>
    <ClInclude Include="$(XmakeProjectDir)\Aeat\src\Aeat\Input.h">
      <Filter>Aeat\src\Aeat</Filter>
    </ClInclude>
    <ClInclude Include="$(XmakeProjectDir)\Aeat\src\Aeat\Layer.h">
      <Filter>Aeat\src\Aeat</Filter>
    </ClInclude>
    <ClInclude Include="$(XmakeProjectDir)\Aeat\src\Aeat\LayerStack.h">
      <Filter>Aeat\src\Aeat</Filter>
    </ClInclude>
    <ClInclude Include="$(XmakeProjectDir)\Aeat\src\Aeat\Log.h">
      <Filter>Aeat\src\Aeat</Filter>
    </ClInclude>
    <ClInclude Include="$(XmakeProjectDir)\Aeat\src\Aeat\Window.h">
      <Filter>Aeat\src\Aeat</Filter>
    </ClInclude>
    <ClInclude Include="$(XmakeProjectDir)\Aeat\src\Platform\OpenGL\ImGuiOpenGLRenderer.h">
      <Filter>Aeat\src\Platform\OpenGL</Filter>
    </ClInclude>
    <ClInclude Include="$(XmakeProjectDir)\Aeat\src\Platform\Windows\WindowsInput.h">
      <Filter>Aeat\src\Platform\Windows</Filter>
    </ClInclude>
    <ClInclude Include="$(XmakeProjectDir)\Aeat\src\Platform\Windows\WindowsWindow.h">
      <Filter>Aeat\src\Platform\Windows</Filter>
    </ClInclude>
    <ClInclude Include="$(XmakeProjectDir)\Aeat\src\aepch.h">
      <Filter>Aeat\src</Filter>
    </ClInclude>


  </ItemGroup>
  <ItemGroup>

    <ClCompile Include="$(XmakeProjectDir)\Aeat\src\Aeat\Application.cpp">
      <Filter>Aeat\src\Aeat</Filter>
    </ClCompile>
    <ClCompile Include="$(XmakeProjectDir)\Aeat\src\Aeat\ImGui\ImGuiLayer.cpp">
      <Filter>Aeat\src\Aeat\ImGui</Filter>
    </ClCompile>
    <ClCompile Include="$(XmakeProjectDir)\Aeat\src\Aeat\Layer.cpp">
      <Filter>Aeat\src\Aeat</Filter>
    </ClCompile>
    <ClCompile Include="$(XmakeProjectDir)\Aeat\src\Aeat\LayerStack.cpp">
      <Filter>Aeat\src\Aeat</Filter>
    </ClCompile>
    <ClCompile Include="$(XmakeProjectDir)\Aeat\src\Aeat\Log.cpp">
      <Filter>Aeat\src\Aeat</Filter>
    </ClCompile>
    <ClCompile Include="$(XmakeProjectDir)\Aeat\src\Platform\OpenGL\ImGuiOpenGLRenderer.cpp">
      <Filter>Aeat\src\Platform\OpenGL</Filter>
    </ClCompile>
    <ClCompile Include="$(XmakeProjectDir)\Aeat\src\Platform\Windows\WindowsInput.cpp">
      <Filter>Aeat\src\Platform\Windows</Filter>
    </ClCompile>
    <ClCompile Include="$(XmakeProjectDir)\Aeat\src\Platform\Windows\WindowsWindow.cpp">
      <Filter>Aeat\src\Platform\Windows</Filter>
    </ClCompile>
    <ClCompile Include="$(XmakeProjectDir)\Aeat\src\aepch.cpp">
      <Filter>Aeat\src</Filter>
    </ClCompile>



  </ItemGroup>
  <ItemGroup>

  </ItemGroup>
  <ItemGroup>




  </ItemGroup>
  <Import Condition="Exists('$(MSBuildThisFileDirectory)\Xmake.Custom.files.filters')"
    Project="$(MSBuildThisFileDirectory)\Xmake.Custom.files.filters" />
</Project>
