<?xml version="1.0" encoding="utf-8"?>
<!--
xmake version 2.9.5+HEAD.d30de52e9

  This file is auto generated by xmake.

  Please DO NOT EDIT since all your modification will lost after re-generation.
  See https://github.com/xmake-io/xmake/pull/472 for more infomation.
-->
<Project ToolsVersion="4.0" xmlns="http://schemas.microsoft.com/developer/msbuild/2003">
  <ItemGroup>
    <Filter Include="Properties">
      <UniqueIdentifier>{CC7C6180-942D-056E-3227-E6A2B3FB19CD}</UniqueIdentifier>
    </Filter>
    <Filter Include="include">
      <UniqueIdentifier>{04CCF0D3-2EF0-416E-960B-AE7879D46B6B}</UniqueIdentifier>
    </Filter>
    <Filter Include="include\GLFW">
      <UniqueIdentifier>{78A5799F-FB4F-4072-A115-6BD07E74FE95}</UniqueIdentifier>
    </Filter>
    <Filter Include="src">
      <UniqueIdentifier>{491FBF00-292E-479F-8C8F-7A2AC045023A}</UniqueIdentifier>
    </Filter>

  </ItemGroup>
  <ItemGroup>
    <None Include="$(MSBuildProjectDirectory)\Xmake.Custom.props">
      <Filter>Properties</Filter>
    </None>
    <None Include="$(MSBuildProjectDirectory)\Xmake.Custom.targets">
      <Filter>Properties</Filter>
    </None>
    <None Include="$(MSBuildProjectDirectory)\Xmake.Custom.items">
      <Filter>Properties</Filter>
    </None>
    <None Include="$(MSBuildProjectDirectory)\Xmake.Custom.items.filters">
      <Filter>Properties</Filter>
    </None>
    <None Include="$(XmakeScriptDir)\xmake.lua">
      <Filter>Properties</Filter>
    </None>
  </ItemGroup>
  <ItemGroup>
    <ClInclude Include="$(XmakeProjectDir)\Aeat\vendor\GLFW\include\GLFW\glfw3.h">
      <Filter>include\GLFW</Filter>
    </ClInclude>
    <ClInclude Include="$(XmakeProjectDir)\Aeat\vendor\GLFW\include\GLFW\glfw3native.h">
      <Filter>include\GLFW</Filter>
    </ClInclude>


  </ItemGroup>
  <ItemGroup>
    <ClCompile Include="$(XmakeProjectDir)\Aeat\vendor\GLFW\src\context.c">
      <Filter>src</Filter>
    </ClCompile>
    <ClCompile Include="$(XmakeProjectDir)\Aeat\vendor\GLFW\src\egl_context.c">
      <Filter>src</Filter>
    </ClCompile>
    <ClCompile Include="$(XmakeProjectDir)\Aeat\vendor\GLFW\src\init.c">
      <Filter>src</Filter>
    </ClCompile>
    <ClCompile Include="$(XmakeProjectDir)\Aeat\vendor\GLFW\src\input.c">
      <Filter>src</Filter>
    </ClCompile>
    <ClCompile Include="$(XmakeProjectDir)\Aeat\vendor\GLFW\src\monitor.c">
      <Filter>src</Filter>
    </ClCompile>
    <ClCompile Include="$(XmakeProjectDir)\Aeat\vendor\GLFW\src\null_init.c">
      <Filter>src</Filter>
    </ClCompile>
    <ClCompile Include="$(XmakeProjectDir)\Aeat\vendor\GLFW\src\null_joystick.c">
      <Filter>src</Filter>
    </ClCompile>
    <ClCompile Include="$(XmakeProjectDir)\Aeat\vendor\GLFW\src\null_monitor.c">
      <Filter>src</Filter>
    </ClCompile>
    <ClCompile Include="$(XmakeProjectDir)\Aeat\vendor\GLFW\src\null_window.c">
      <Filter>src</Filter>
    </ClCompile>
    <ClCompile Include="$(XmakeProjectDir)\Aeat\vendor\GLFW\src\osmesa_context.c">
      <Filter>src</Filter>
    </ClCompile>
    <ClCompile Include="$(XmakeProjectDir)\Aeat\vendor\GLFW\src\platform.c">
      <Filter>src</Filter>
    </ClCompile>
    <ClCompile Include="$(XmakeProjectDir)\Aeat\vendor\GLFW\src\vulkan.c">
      <Filter>src</Filter>
    </ClCompile>
    <ClCompile Include="$(XmakeProjectDir)\Aeat\vendor\GLFW\src\wgl_context.c">
      <Filter>src</Filter>
    </ClCompile>
    <ClCompile Include="$(XmakeProjectDir)\Aeat\vendor\GLFW\src\win32_init.c">
      <Filter>src</Filter>
    </ClCompile>
    <ClCompile Include="$(XmakeProjectDir)\Aeat\vendor\GLFW\src\win32_joystick.c">
      <Filter>src</Filter>
    </ClCompile>
    <ClCompile Include="$(XmakeProjectDir)\Aeat\vendor\GLFW\src\win32_module.c">
      <Filter>src</Filter>
    </ClCompile>
    <ClCompile Include="$(XmakeProjectDir)\Aeat\vendor\GLFW\src\win32_monitor.c">
      <Filter>src</Filter>
    </ClCompile>
    <ClCompile Include="$(XmakeProjectDir)\Aeat\vendor\GLFW\src\win32_thread.c">
      <Filter>src</Filter>
    </ClCompile>
    <ClCompile Include="$(XmakeProjectDir)\Aeat\vendor\GLFW\src\win32_time.c">
      <Filter>src</Filter>
    </ClCompile>
    <ClCompile Include="$(XmakeProjectDir)\Aeat\vendor\GLFW\src\win32_window.c">
      <Filter>src</Filter>
    </ClCompile>
    <ClCompile Include="$(XmakeProjectDir)\Aeat\vendor\GLFW\src\window.c">
      <Filter>src</Filter>
    </ClCompile>




  </ItemGroup>
  <ItemGroup>

  </ItemGroup>
  <ItemGroup>




  </ItemGroup>
  <Import Condition="Exists('$(MSBuildThisFileDirectory)\Xmake.Custom.files.filters')"
    Project="$(MSBuildThisFileDirectory)\Xmake.Custom.files.filters" />
</Project>
